// !$*UTF8*$!
{
	archiveVersion = 1;
	classes = {
	};
	objectVersion = 56;
	objects = {

/* Begin PBXBuildFile section */
		AFC74F042BDF5AA3007018C1 /* FirebaseBasicApp.swift in Sources */ = {isa = PBXBuildFile; fileRef = AFC74F032BDF5AA3007018C1 /* FirebaseBasicApp.swift */; };
		AFC74F062BDF5AA3007018C1 /* ContentView.swift in Sources */ = {isa = PBXBuildFile; fileRef = AFC74F052BDF5AA3007018C1 /* ContentView.swift */; };
		AFC74F082BDF5AA9007018C1 /* Assets.xcassets in Resources */ = {isa = PBXBuildFile; fileRef = AFC74F072BDF5AA9007018C1 /* Assets.xcassets */; };
		AFC74F0B2BDF5AA9007018C1 /* Preview Assets.xcassets in Resources */ = {isa = PBXBuildFile; fileRef = AFC74F0A2BDF5AA9007018C1 /* Preview Assets.xcassets */; };
		AFC74F132BDF5B0D007018C1 /* FirebaseAuth in Frameworks */ = {isa = PBXBuildFile; productRef = AFC74F122BDF5B0D007018C1 /* FirebaseAuth */; };
		AFC74F162BDF5B5B007018C1 /* GoogleSignIn in Frameworks */ = {isa = PBXBuildFile; productRef = AFC74F152BDF5B5B007018C1 /* GoogleSignIn */; };
		AFC74F182BDF5B5B007018C1 /* GoogleSignInSwift in Frameworks */ = {isa = PBXBuildFile; productRef = AFC74F172BDF5B5B007018C1 /* GoogleSignInSwift */; };
		AFE2C2C92BDF6B2E007AD4F8 /* GoogleService-Info.plist in Resources */ = {isa = PBXBuildFile; fileRef = AFE2C2C82BDF6B2E007AD4F8 /* GoogleService-Info.plist */; };
		AFE2C2CB2BDF73E0007AD4F8 /* AuthenticationViewModel.swift in Sources */ = {isa = PBXBuildFile; fileRef = AFE2C2CA2BDF73E0007AD4F8 /* AuthenticationViewModel.swift */; };
		AFE2C2CD2BE07137007AD4F8 /* ProfileView.swift in Sources */ = {isa = PBXBuildFile; fileRef = AFE2C2CC2BE07137007AD4F8 /* ProfileView.swift */; };
		AFE2C2CF2BE07A06007AD4F8 /* Note.swift in Sources */ = {isa = PBXBuildFile; fileRef = AFE2C2CE2BE07A06007AD4F8 /* Note.swift */; };
		AFE2C2D12BE07A2D007AD4F8 /* NoteService.swift in Sources */ = {isa = PBXBuildFile; fileRef = AFE2C2D02BE07A2D007AD4F8 /* NoteService.swift */; };
		AFE2C2D32BE07AAD007AD4F8 /* NoteDetailView.swift in Sources */ = {isa = PBXBuildFile; fileRef = AFE2C2D22BE07AAD007AD4F8 /* NoteDetailView.swift */; };
		AFE2C2D52BE07AC6007AD4F8 /* NoteSummaryView.swift in Sources */ = {isa = PBXBuildFile; fileRef = AFE2C2D42BE07AC6007AD4F8 /* NoteSummaryView.swift */; };
		AFE2C2D72BE07AD9007AD4F8 /* NotesListView.swift in Sources */ = {isa = PBXBuildFile; fileRef = AFE2C2D62BE07AD9007AD4F8 /* NotesListView.swift */; };
		AFE2C2DA2BE07B37007AD4F8 /* FirebaseFirestore in Frameworks */ = {isa = PBXBuildFile; productRef = AFE2C2D92BE07B37007AD4F8 /* FirebaseFirestore */; };
		AFE2C2DC2BE07D15007AD4F8 /* AddNoteView.swift in Sources */ = {isa = PBXBuildFile; fileRef = AFE2C2DB2BE07D15007AD4F8 /* AddNoteView.swift */; };
/* End PBXBuildFile section */

/* Begin PBXFileReference section */
		AFC74F002BDF5AA3007018C1 /* FirebaseBasic.app */ = {isa = PBXFileReference; explicitFileType = wrapper.application; includeInIndex = 0; path = FirebaseBasic.app; sourceTree = BUILT_PRODUCTS_DIR; };
		AFC74F032BDF5AA3007018C1 /* FirebaseBasicApp.swift */ = {isa = PBXFileReference; lastKnownFileType = sourcecode.swift; path = FirebaseBasicApp.swift; sourceTree = "<group>"; };
		AFC74F052BDF5AA3007018C1 /* ContentView.swift */ = {isa = PBXFileReference; lastKnownFileType = sourcecode.swift; path = ContentView.swift; sourceTree = "<group>"; };
		AFC74F072BDF5AA9007018C1 /* Assets.xcassets */ = {isa = PBXFileReference; lastKnownFileType = folder.assetcatalog; path = Assets.xcassets; sourceTree = "<group>"; };
		AFC74F0A2BDF5AA9007018C1 /* Preview Assets.xcassets */ = {isa = PBXFileReference; lastKnownFileType = folder.assetcatalog; path = "Preview Assets.xcassets"; sourceTree = "<group>"; };
		AFE2C2C72BDF5E27007AD4F8 /* Info.plist */ = {isa = PBXFileReference; lastKnownFileType = text.plist; path = Info.plist; sourceTree = "<group>"; };
		AFE2C2C82BDF6B2E007AD4F8 /* GoogleService-Info.plist */ = {isa = PBXFileReference; fileEncoding = 4; lastKnownFileType = text.plist.xml; path = "GoogleService-Info.plist"; sourceTree = "<group>"; };
		AFE2C2CA2BDF73E0007AD4F8 /* AuthenticationViewModel.swift */ = {isa = PBXFileReference; lastKnownFileType = sourcecode.swift; path = AuthenticationViewModel.swift; sourceTree = "<group>"; };
		AFE2C2CC2BE07137007AD4F8 /* ProfileView.swift */ = {isa = PBXFileReference; lastKnownFileType = sourcecode.swift; path = ProfileView.swift; sourceTree = "<group>"; };
		AFE2C2CE2BE07A06007AD4F8 /* Note.swift */ = {isa = PBXFileReference; lastKnownFileType = sourcecode.swift; path = Note.swift; sourceTree = "<group>"; };
		AFE2C2D02BE07A2D007AD4F8 /* NoteService.swift */ = {isa = PBXFileReference; lastKnownFileType = sourcecode.swift; path = NoteService.swift; sourceTree = "<group>"; };
		AFE2C2D22BE07AAD007AD4F8 /* NoteDetailView.swift */ = {isa = PBXFileReference; lastKnownFileType = sourcecode.swift; path = NoteDetailView.swift; sourceTree = "<group>"; };
		AFE2C2D42BE07AC6007AD4F8 /* NoteSummaryView.swift */ = {isa = PBXFileReference; lastKnownFileType = sourcecode.swift; path = NoteSummaryView.swift; sourceTree = "<group>"; };
		AFE2C2D62BE07AD9007AD4F8 /* NotesListView.swift */ = {isa = PBXFileReference; lastKnownFileType = sourcecode.swift; path = NotesListView.swift; sourceTree = "<group>"; };
		AFE2C2DB2BE07D15007AD4F8 /* AddNoteView.swift */ = {isa = PBXFileReference; lastKnownFileType = sourcecode.swift; path = AddNoteView.swift; sourceTree = "<group>"; };
/* End PBXFileReference section */

/* Begin PBXFrameworksBuildPhase section */
		AFC74EFD2BDF5AA3007018C1 /* Frameworks */ = {
			isa = PBXFrameworksBuildPhase;
			buildActionMask = 2147483647;
			files = (
				AFC74F182BDF5B5B007018C1 /* GoogleSignInSwift in Frameworks */,
				AFE2C2DA2BE07B37007AD4F8 /* FirebaseFirestore in Frameworks */,
				AFC74F132BDF5B0D007018C1 /* FirebaseAuth in Frameworks */,
				AFC74F162BDF5B5B007018C1 /* GoogleSignIn in Frameworks */,
			);
			runOnlyForDeploymentPostprocessing = 0;
		};
/* End PBXFrameworksBuildPhase section */

/* Begin PBXGroup section */
		AFC74EF72BDF5AA3007018C1 = {
			isa = PBXGroup;
			children = (
				AFC74F022BDF5AA3007018C1 /* FirebaseBasic */,
				AFC74F012BDF5AA3007018C1 /* Products */,
				AFE2C2D82BE07B37007AD4F8 /* Frameworks */,
			);
			sourceTree = "<group>";
		};
		AFC74F012BDF5AA3007018C1 /* Products */ = {
			isa = PBXGroup;
			children = (
				AFC74F002BDF5AA3007018C1 /* FirebaseBasic.app */,
			);
			name = Products;
			sourceTree = "<group>";
		};
		AFC74F022BDF5AA3007018C1 /* FirebaseBasic */ = {
			isa = PBXGroup;
			children = (
				AFE2C2C72BDF5E27007AD4F8 /* Info.plist */,
				AFC74F032BDF5AA3007018C1 /* FirebaseBasicApp.swift */,
				AFE2C2D22BE07AAD007AD4F8 /* NoteDetailView.swift */,
				AFE2C2D42BE07AC6007AD4F8 /* NoteSummaryView.swift */,
				AFE2C2D62BE07AD9007AD4F8 /* NotesListView.swift */,
				AFE2C2DB2BE07D15007AD4F8 /* AddNoteView.swift */,
				AFC74F052BDF5AA3007018C1 /* ContentView.swift */,
				AFE2C2CE2BE07A06007AD4F8 /* Note.swift */,
				AFE2C2D02BE07A2D007AD4F8 /* NoteService.swift */,
				AFE2C2CA2BDF73E0007AD4F8 /* AuthenticationViewModel.swift */,
				AFE2C2C82BDF6B2E007AD4F8 /* GoogleService-Info.plist */,
				AFC74F072BDF5AA9007018C1 /* Assets.xcassets */,
				AFC74F092BDF5AA9007018C1 /* Preview Content */,
				AFE2C2CC2BE07137007AD4F8 /* ProfileView.swift */,
			);
			path = FirebaseBasic;
			sourceTree = "<group>";
		};
		AFC74F092BDF5AA9007018C1 /* Preview Content */ = {
			isa = PBXGroup;
			children = (
				AFC74F0A2BDF5AA9007018C1 /* Preview Assets.xcassets */,
			);
			path = "Preview Content";
			sourceTree = "<group>";
		};
		AFE2C2D82BE07B37007AD4F8 /* Frameworks */ = {
			isa = PBXGroup;
			children = (
			);
			name = Frameworks;
			sourceTree = "<group>";
		};
/* End PBXGroup section */

/* Begin PBXNativeTarget section */
		AFC74EFF2BDF5AA3007018C1 /* FirebaseBasic */ = {
			isa = PBXNativeTarget;
			buildConfigurationList = AFC74F0E2BDF5AA9007018C1 /* Build configuration list for PBXNativeTarget "FirebaseBasic" */;
			buildPhases = (
				AFC74EFC2BDF5AA3007018C1 /* Sources */,
				AFC74EFD2BDF5AA3007018C1 /* Frameworks */,
				AFC74EFE2BDF5AA3007018C1 /* Resources */,
			);
			buildRules = (
			);
			dependencies = (
			);
			name = FirebaseBasic;
			packageProductDependencies = (
				AFC74F122BDF5B0D007018C1 /* FirebaseAuth */,
				AFC74F152BDF5B5B007018C1 /* GoogleSignIn */,
				AFC74F172BDF5B5B007018C1 /* GoogleSignInSwift */,
				AFE2C2D92BE07B37007AD4F8 /* FirebaseFirestore */,
			);
			productName = FirebaseBasic;
			productReference = AFC74F002BDF5AA3007018C1 /* FirebaseBasic.app */;
			productType = "com.apple.product-type.application";
		};
/* End PBXNativeTarget section */

/* Begin PBXProject section */
		AFC74EF82BDF5AA3007018C1 /* Project object */ = {
			isa = PBXProject;
			attributes = {
				BuildIndependentTargetsInParallel = 1;
				LastSwiftUpdateCheck = 1530;
				LastUpgradeCheck = 1530;
				TargetAttributes = {
					AFC74EFF2BDF5AA3007018C1 = {
						CreatedOnToolsVersion = 15.3;
					};
				};
			};
			buildConfigurationList = AFC74EFB2BDF5AA3007018C1 /* Build configuration list for PBXProject "FirebaseBasic" */;
			compatibilityVersion = "Xcode 14.0";
			developmentRegion = en;
			hasScannedForEncodings = 0;
			knownRegions = (
				en,
				Base,
			);
			mainGroup = AFC74EF72BDF5AA3007018C1;
			packageReferences = (
				AFC74F112BDF5B0D007018C1 /* XCRemoteSwiftPackageReference "firebase-ios-sdk" */,
				AFC74F142BDF5B5B007018C1 /* XCRemoteSwiftPackageReference "GoogleSignIn-iOS" */,
			);
			productRefGroup = AFC74F012BDF5AA3007018C1 /* Products */;
			projectDirPath = "";
			projectRoot = "";
			targets = (
				AFC74EFF2BDF5AA3007018C1 /* FirebaseBasic */,
			);
		};
/* End PBXProject section */

/* Begin PBXResourcesBuildPhase section */
		AFC74EFE2BDF5AA3007018C1 /* Resources */ = {
			isa = PBXResourcesBuildPhase;
			buildActionMask = 2147483647;
			files = (
				AFC74F0B2BDF5AA9007018C1 /* Preview Assets.xcassets in Resources */,
				AFC74F082BDF5AA9007018C1 /* Assets.xcassets in Resources */,
				AFE2C2C92BDF6B2E007AD4F8 /* GoogleService-Info.plist in Resources */,
			);
			runOnlyForDeploymentPostprocessing = 0;
		};
/* End PBXResourcesBuildPhase section */

/* Begin PBXSourcesBuildPhase section */
		AFC74EFC2BDF5AA3007018C1 /* Sources */ = {
			isa = PBXSourcesBuildPhase;
			buildActionMask = 2147483647;
			files = (
				AFE2C2CF2BE07A06007AD4F8 /* Note.swift in Sources */,
				AFE2C2CD2BE07137007AD4F8 /* ProfileView.swift in Sources */,
				AFE2C2CB2BDF73E0007AD4F8 /* AuthenticationViewModel.swift in Sources */,
				AFC74F062BDF5AA3007018C1 /* ContentView.swift in Sources */,
				AFE2C2DC2BE07D15007AD4F8 /* AddNoteView.swift in Sources */,
				AFC74F042BDF5AA3007018C1 /* FirebaseBasicApp.swift in Sources */,
				AFE2C2D12BE07A2D007AD4F8 /* NoteService.swift in Sources */,
				AFE2C2D32BE07AAD007AD4F8 /* NoteDetailView.swift in Sources */,
				AFE2C2D72BE07AD9007AD4F8 /* NotesListView.swift in Sources */,
				AFE2C2D52BE07AC6007AD4F8 /* NoteSummaryView.swift in Sources */,
			);
			runOnlyForDeploymentPostprocessing = 0;
		};
/* End PBXSourcesBuildPhase section */

/* Begin XCBuildConfiguration section */
		AFC74F0C2BDF5AA9007018C1 /* Debug */ = {
			isa = XCBuildConfiguration;
			buildSettings = {
				ALWAYS_SEARCH_USER_PATHS = NO;
				ASSETCATALOG_COMPILER_GENERATE_SWIFT_ASSET_SYMBOL_EXTENSIONS = YES;
				CLANG_ANALYZER_NONNULL = YES;
				CLANG_ANALYZER_NUMBER_OBJECT_CONVERSION = YES_AGGRESSIVE;
				CLANG_CXX_LANGUAGE_STANDARD = "gnu++20";
				CLANG_ENABLE_MODULES = YES;
				CLANG_ENABLE_OBJC_ARC = YES;
				CLANG_ENABLE_OBJC_WEAK = YES;
				CLANG_WARN_BLOCK_CAPTURE_AUTORELEASING = YES;
				CLANG_WARN_BOOL_CONVERSION = YES;
				CLANG_WARN_COMMA = YES;
				CLANG_WARN_CONSTANT_CONVERSION = YES;
				CLANG_WARN_DEPRECATED_OBJC_IMPLEMENTATIONS = YES;
				CLANG_WARN_DIRECT_OBJC_ISA_USAGE = YES_ERROR;
				CLANG_WARN_DOCUMENTATION_COMMENTS = YES;
				CLANG_WARN_EMPTY_BODY = YES;
				CLANG_WARN_ENUM_CONVERSION = YES;
				CLANG_WARN_INFINITE_RECURSION = YES;
				CLANG_WARN_INT_CONVERSION = YES;
				CLANG_WARN_NON_LITERAL_NULL_CONVERSION = YES;
				CLANG_WARN_OBJC_IMPLICIT_RETAIN_SELF = YES;
				CLANG_WARN_OBJC_LITERAL_CONVERSION = YES;
				CLANG_WARN_OBJC_ROOT_CLASS = YES_ERROR;
				CLANG_WARN_QUOTED_INCLUDE_IN_FRAMEWORK_HEADER = YES;
				CLANG_WARN_RANGE_LOOP_ANALYSIS = YES;
				CLANG_WARN_STRICT_PROTOTYPES = YES;
				CLANG_WARN_SUSPICIOUS_MOVE = YES;
				CLANG_WARN_UNGUARDED_AVAILABILITY = YES_AGGRESSIVE;
				CLANG_WARN_UNREACHABLE_CODE = YES;
				CLANG_WARN__DUPLICATE_METHOD_MATCH = YES;
				COPY_PHASE_STRIP = NO;
				DEBUG_INFORMATION_FORMAT = dwarf;
				ENABLE_STRICT_OBJC_MSGSEND = YES;
				ENABLE_TESTABILITY = YES;
				ENABLE_USER_SCRIPT_SANDBOXING = YES;
				GCC_C_LANGUAGE_STANDARD = gnu17;
				GCC_DYNAMIC_NO_PIC = NO;
				GCC_NO_COMMON_BLOCKS = YES;
				GCC_OPTIMIZATION_LEVEL = 0;
				GCC_PREPROCESSOR_DEFINITIONS = (
					"DEBUG=1",
					"$(inherited)",
				);
				GCC_WARN_64_TO_32_BIT_CONVERSION = YES;
				GCC_WARN_ABOUT_RETURN_TYPE = YES_ERROR;
				GCC_WARN_UNDECLARED_SELECTOR = YES;
				GCC_WARN_UNINITIALIZED_AUTOS = YES_AGGRESSIVE;
				GCC_WARN_UNUSED_FUNCTION = YES;
				GCC_WARN_UNUSED_VARIABLE = YES;
				IPHONEOS_DEPLOYMENT_TARGET = 16.6;
				LOCALIZATION_PREFERS_STRING_CATALOGS = YES;
				MTL_ENABLE_DEBUG_INFO = INCLUDE_SOURCE;
				MTL_FAST_MATH = YES;
				ONLY_ACTIVE_ARCH = YES;
				SDKROOT = iphoneos;
				SWIFT_ACTIVE_COMPILATION_CONDITIONS = "DEBUG $(inherited)";
				SWIFT_OPTIMIZATION_LEVEL = "-Onone";
			};
			name = Debug;
		};
		AFC74F0D2BDF5AA9007018C1 /* Release */ = {
			isa = XCBuildConfiguration;
			buildSettings = {
				ALWAYS_SEARCH_USER_PATHS = NO;
				ASSETCATALOG_COMPILER_GENERATE_SWIFT_ASSET_SYMBOL_EXTENSIONS = YES;
				CLANG_ANALYZER_NONNULL = YES;
				CLANG_ANALYZER_NUMBER_OBJECT_CONVERSION = YES_AGGRESSIVE;
				CLANG_CXX_LANGUAGE_STANDARD = "gnu++20";
				CLANG_ENABLE_MODULES = YES;
				CLANG_ENABLE_OBJC_ARC = YES;
				CLANG_ENABLE_OBJC_WEAK = YES;
				CLANG_WARN_BLOCK_CAPTURE_AUTORELEASING = YES;
				CLANG_WARN_BOOL_CONVERSION = YES;
				CLANG_WARN_COMMA = YES;
				CLANG_WARN_CONSTANT_CONVERSION = YES;
				CLANG_WARN_DEPRECATED_OBJC_IMPLEMENTATIONS = YES;
				CLANG_WARN_DIRECT_OBJC_ISA_USAGE = YES_ERROR;
				CLANG_WARN_DOCUMENTATION_COMMENTS = YES;
				CLANG_WARN_EMPTY_BODY = YES;
				CLANG_WARN_ENUM_CONVERSION = YES;
				CLANG_WARN_INFINITE_RECURSION = YES;
				CLANG_WARN_INT_CONVERSION = YES;
				CLANG_WARN_NON_LITERAL_NULL_CONVERSION = YES;
				CLANG_WARN_OBJC_IMPLICIT_RETAIN_SELF = YES;
				CLANG_WARN_OBJC_LITERAL_CONVERSION = YES;
				CLANG_WARN_OBJC_ROOT_CLASS = YES_ERROR;
				CLANG_WARN_QUOTED_INCLUDE_IN_FRAMEWORK_HEADER = YES;
				CLANG_WARN_RANGE_LOOP_ANALYSIS = YES;
				CLANG_WARN_STRICT_PROTOTYPES = YES;
				CLANG_WARN_SUSPICIOUS_MOVE = YES;
				CLANG_WARN_UNGUARDED_AVAILABILITY = YES_AGGRESSIVE;
				CLANG_WARN_UNREACHABLE_CODE = YES;
				CLANG_WARN__DUPLICATE_METHOD_MATCH = YES;
				COPY_PHASE_STRIP = NO;
				DEBUG_INFORMATION_FORMAT = "dwarf-with-dsym";
				ENABLE_NS_ASSERTIONS = NO;
				ENABLE_STRICT_OBJC_MSGSEND = YES;
				ENABLE_USER_SCRIPT_SANDBOXING = YES;
				GCC_C_LANGUAGE_STANDARD = gnu17;
				GCC_NO_COMMON_BLOCKS = YES;
				GCC_WARN_64_TO_32_BIT_CONVERSION = YES;
				GCC_WARN_ABOUT_RETURN_TYPE = YES_ERROR;
				GCC_WARN_UNDECLARED_SELECTOR = YES;
				GCC_WARN_UNINITIALIZED_AUTOS = YES_AGGRESSIVE;
				GCC_WARN_UNUSED_FUNCTION = YES;
				GCC_WARN_UNUSED_VARIABLE = YES;
				IPHONEOS_DEPLOYMENT_TARGET = 16.6;
				LOCALIZATION_PREFERS_STRING_CATALOGS = YES;
				MTL_ENABLE_DEBUG_INFO = NO;
				MTL_FAST_MATH = YES;
				SDKROOT = iphoneos;
				SWIFT_COMPILATION_MODE = wholemodule;
				VALIDATE_PRODUCT = YES;
			};
			name = Release;
		};
		AFC74F0F2BDF5AA9007018C1 /* Debug */ = {
			isa = XCBuildConfiguration;
			buildSettings = {
				ASSETCATALOG_COMPILER_APPICON_NAME = AppIcon;
				ASSETCATALOG_COMPILER_GLOBAL_ACCENT_COLOR_NAME = AccentColor;
				CODE_SIGN_STYLE = Automatic;
				CURRENT_PROJECT_VERSION = 1;
				DEVELOPMENT_ASSET_PATHS = "\"FirebaseBasic/Preview Content\"";
				ENABLE_PREVIEWS = YES;
				GENERATE_INFOPLIST_FILE = YES;
				INFOPLIST_FILE = FirebaseBasic/Info.plist;
				INFOPLIST_KEY_UIApplicationSceneManifest_Generation = YES;
				INFOPLIST_KEY_UIApplicationSupportsIndirectInputEvents = YES;
				INFOPLIST_KEY_UILaunchScreen_Generation = YES;
				INFOPLIST_KEY_UISupportedInterfaceOrientations_iPad = "UIInterfaceOrientationPortrait UIInterfaceOrientationPortraitUpsideDown UIInterfaceOrientationLandscapeLeft UIInterfaceOrientationLandscapeRight";
				INFOPLIST_KEY_UISupportedInterfaceOrientations_iPhone = "UIInterfaceOrientationPortrait UIInterfaceOrientationLandscapeLeft UIInterfaceOrientationLandscapeRight";
				IPHONEOS_DEPLOYMENT_TARGET = 17.4;
				LD_RUNPATH_SEARCH_PATHS = (
					"$(inherited)",
					"@executable_path/Frameworks",
				);
				MARKETING_VERSION = 1.0;
				PRODUCT_BUNDLE_IDENTIFIER = kr.co.jeje.FirebaseBasic;
				PRODUCT_NAME = "$(TARGET_NAME)";
				SWIFT_EMIT_LOC_STRINGS = YES;
				SWIFT_VERSION = 5.0;
				TARGETED_DEVICE_FAMILY = "1,2";
			};
			name = Debug;
		};
		AFC74F102BDF5AA9007018C1 /* Release */ = {
			isa = XCBuildConfiguration;
			buildSettings = {
				ASSETCATALOG_COMPILER_APPICON_NAME = AppIcon;
				ASSETCATALOG_COMPILER_GLOBAL_ACCENT_COLOR_NAME = AccentColor;
				CODE_SIGN_STYLE = Automatic;
				CURRENT_PROJECT_VERSION = 1;
				DEVELOPMENT_ASSET_PATHS = "\"FirebaseBasic/Preview Content\"";
				ENABLE_PREVIEWS = YES;
				GENERATE_INFOPLIST_FILE = YES;
				INFOPLIST_FILE = FirebaseBasic/Info.plist;
				INFOPLIST_KEY_UIApplicationSceneManifest_Generation = YES;
				INFOPLIST_KEY_UIApplicationSupportsIndirectInputEvents = YES;
				INFOPLIST_KEY_UILaunchScreen_Generation = YES;
				INFOPLIST_KEY_UISupportedInterfaceOrientations_iPad = "UIInterfaceOrientationPortrait UIInterfaceOrientationPortraitUpsideDown UIInterfaceOrientationLandscapeLeft UIInterfaceOrientationLandscapeRight";
				INFOPLIST_KEY_UISupportedInterfaceOrientations_iPhone = "UIInterfaceOrientationPortrait UIInterfaceOrientationLandscapeLeft UIInterfaceOrientationLandscapeRight";
				IPHONEOS_DEPLOYMENT_TARGET = 17.4;
				LD_RUNPATH_SEARCH_PATHS = (
					"$(inherited)",
					"@executable_path/Frameworks",
				);
				MARKETING_VERSION = 1.0;
				PRODUCT_BUNDLE_IDENTIFIER = kr.co.jeje.FirebaseBasic;
				PRODUCT_NAME = "$(TARGET_NAME)";
				SWIFT_EMIT_LOC_STRINGS = YES;
				SWIFT_VERSION = 5.0;
				TARGETED_DEVICE_FAMILY = "1,2";
			};
			name = Release;
		};
/* End XCBuildConfiguration section */

/* Begin XCConfigurationList section */
		AFC74EFB2BDF5AA3007018C1 /* Build configuration list for PBXProject "FirebaseBasic" */ = {
			isa = XCConfigurationList;
			buildConfigurations = (
				AFC74F0C2BDF5AA9007018C1 /* Debug */,
				AFC74F0D2BDF5AA9007018C1 /* Release */,
			);
			defaultConfigurationIsVisible = 0;
			defaultConfigurationName = Release;
		};
		AFC74F0E2BDF5AA9007018C1 /* Build configuration list for PBXNativeTarget "FirebaseBasic" */ = {
			isa = XCConfigurationList;
			buildConfigurations = (
				AFC74F0F2BDF5AA9007018C1 /* Debug */,
				AFC74F102BDF5AA9007018C1 /* Release */,
			);
			defaultConfigurationIsVisible = 0;
			defaultConfigurationName = Release;
		};
/* End XCConfigurationList section */

/* Begin XCRemoteSwiftPackageReference section */
		AFC74F112BDF5B0D007018C1 /* XCRemoteSwiftPackageReference "firebase-ios-sdk" */ = {
			isa = XCRemoteSwiftPackageReference;
			repositoryURL = "https://github.com/firebase/firebase-ios-sdk.git";
			requirement = {
				kind = upToNextMajorVersion;
				minimumVersion = 10.24.0;
			};
		};
		AFC74F142BDF5B5B007018C1 /* XCRemoteSwiftPackageReference "GoogleSignIn-iOS" */ = {
			isa = XCRemoteSwiftPackageReference;
			repositoryURL = "https://github.com/google/GoogleSignIn-iOS";
			requirement = {
				kind = upToNextMajorVersion;
				minimumVersion = 7.1.0;
			};
		};
/* End XCRemoteSwiftPackageReference section */

/* Begin XCSwiftPackageProductDependency section */
		AFC74F122BDF5B0D007018C1 /* FirebaseAuth */ = {
			isa = XCSwiftPackageProductDependency;
			package = AFC74F112BDF5B0D007018C1 /* XCRemoteSwiftPackageReference "firebase-ios-sdk" */;
			productName = FirebaseAuth;
		};
		AFC74F152BDF5B5B007018C1 /* GoogleSignIn */ = {
			isa = XCSwiftPackageProductDependency;
			package = AFC74F142BDF5B5B007018C1 /* XCRemoteSwiftPackageReference "GoogleSignIn-iOS" */;
			productName = GoogleSignIn;
		};
		AFC74F172BDF5B5B007018C1 /* GoogleSignInSwift */ = {
			isa = XCSwiftPackageProductDependency;
			package = AFC74F142BDF5B5B007018C1 /* XCRemoteSwiftPackageReference "GoogleSignIn-iOS" */;
			productName = GoogleSignInSwift;
		};
		AFE2C2D92BE07B37007AD4F8 /* FirebaseFirestore */ = {
			isa = XCSwiftPackageProductDependency;
			package = AFC74F112BDF5B0D007018C1 /* XCRemoteSwiftPackageReference "firebase-ios-sdk" */;
			productName = FirebaseFirestore;
		};
/* End XCSwiftPackageProductDependency section */
	};
	rootObject = AFC74EF82BDF5AA3007018C1 /* Project object */;
}
