// !$*UTF8*$!
{
	archiveVersion = 1;
	classes = {
	};
	objectVersion = 56;
	objects = {

/* Begin PBXBuildFile section */
		AFCC38062C05A20E00E3F70A /* JRNL_SwiftUIApp.swift in Sources */ = {isa = PBXBuildFile; fileRef = AFCC38052C05A20E00E3F70A /* JRNL_SwiftUIApp.swift */; };
		AFCC38082C05A20E00E3F70A /* ContentView.swift in Sources */ = {isa = PBXBuildFile; fileRef = AFCC38072C05A20E00E3F70A /* ContentView.swift */; };
		AFCC380A2C05A21300E3F70A /* Assets.xcassets in Resources */ = {isa = PBXBuildFile; fileRef = AFCC38092C05A21300E3F70A /* Assets.xcassets */; };
		AFCC380D2C05A21300E3F70A /* Preview Assets.xcassets in Resources */ = {isa = PBXBuildFile; fileRef = AFCC380C2C05A21300E3F70A /* Preview Assets.xcassets */; };
		AFCC38142C05A53400E3F70A /* JournalListView.swift in Sources */ = {isa = PBXBuildFile; fileRef = AFCC38132C05A53400E3F70A /* JournalListView.swift */; };
		AFCC38162C05A53D00E3F70A /* MapView.swift in Sources */ = {isa = PBXBuildFile; fileRef = AFCC38152C05A53D00E3F70A /* MapView.swift */; };
		AFCC38182C05A83100E3F70A /* JournalEntry.swift in Sources */ = {isa = PBXBuildFile; fileRef = AFCC38172C05A83100E3F70A /* JournalEntry.swift */; };
		AFCC381A2C05AFB500E3F70A /* AddJournalListView.swift in Sources */ = {isa = PBXBuildFile; fileRef = AFCC38192C05AFB500E3F70A /* AddJournalListView.swift */; };
/* End PBXBuildFile section */

/* Begin PBXFileReference section */
		AFCC38022C05A20E00E3F70A /* JRNL_SwiftUI.app */ = {isa = PBXFileReference; explicitFileType = wrapper.application; includeInIndex = 0; path = JRNL_SwiftUI.app; sourceTree = BUILT_PRODUCTS_DIR; };
		AFCC38052C05A20E00E3F70A /* JRNL_SwiftUIApp.swift */ = {isa = PBXFileReference; lastKnownFileType = sourcecode.swift; path = JRNL_SwiftUIApp.swift; sourceTree = "<group>"; };
		AFCC38072C05A20E00E3F70A /* ContentView.swift */ = {isa = PBXFileReference; lastKnownFileType = sourcecode.swift; path = ContentView.swift; sourceTree = "<group>"; };
		AFCC38092C05A21300E3F70A /* Assets.xcassets */ = {isa = PBXFileReference; lastKnownFileType = folder.assetcatalog; path = Assets.xcassets; sourceTree = "<group>"; };
		AFCC380C2C05A21300E3F70A /* Preview Assets.xcassets */ = {isa = PBXFileReference; lastKnownFileType = folder.assetcatalog; path = "Preview Assets.xcassets"; sourceTree = "<group>"; };
		AFCC38132C05A53400E3F70A /* JournalListView.swift */ = {isa = PBXFileReference; lastKnownFileType = sourcecode.swift; path = JournalListView.swift; sourceTree = "<group>"; };
		AFCC38152C05A53D00E3F70A /* MapView.swift */ = {isa = PBXFileReference; lastKnownFileType = sourcecode.swift; path = MapView.swift; sourceTree = "<group>"; };
		AFCC38172C05A83100E3F70A /* JournalEntry.swift */ = {isa = PBXFileReference; lastKnownFileType = sourcecode.swift; path = JournalEntry.swift; sourceTree = "<group>"; };
		AFCC38192C05AFB500E3F70A /* AddJournalListView.swift */ = {isa = PBXFileReference; lastKnownFileType = sourcecode.swift; path = AddJournalListView.swift; sourceTree = "<group>"; };
/* End PBXFileReference section */

/* Begin PBXFrameworksBuildPhase section */
		AFCC37FF2C05A20E00E3F70A /* Frameworks */ = {
			isa = PBXFrameworksBuildPhase;
			buildActionMask = 2147483647;
			files = (
			);
			runOnlyForDeploymentPostprocessing = 0;
		};
/* End PBXFrameworksBuildPhase section */

/* Begin PBXGroup section */
		AFCC37F92C05A20E00E3F70A = {
			isa = PBXGroup;
			children = (
				AFCC38042C05A20E00E3F70A /* JRNL_SwiftUI */,
				AFCC38032C05A20E00E3F70A /* Products */,
			);
			sourceTree = "<group>";
		};
		AFCC38032C05A20E00E3F70A /* Products */ = {
			isa = PBXGroup;
			children = (
				AFCC38022C05A20E00E3F70A /* JRNL_SwiftUI.app */,
			);
			name = Products;
			sourceTree = "<group>";
		};
		AFCC38042C05A20E00E3F70A /* JRNL_SwiftUI */ = {
			isa = PBXGroup;
			children = (
				AFCC38052C05A20E00E3F70A /* JRNL_SwiftUIApp.swift */,
				AFCC38072C05A20E00E3F70A /* ContentView.swift */,
				AFCC38132C05A53400E3F70A /* JournalListView.swift */,
				AFCC38192C05AFB500E3F70A /* AddJournalListView.swift */,
				AFCC38172C05A83100E3F70A /* JournalEntry.swift */,
				AFCC38152C05A53D00E3F70A /* MapView.swift */,
				AFCC38092C05A21300E3F70A /* Assets.xcassets */,
				AFCC380B2C05A21300E3F70A /* Preview Content */,
			);
			path = JRNL_SwiftUI;
			sourceTree = "<group>";
		};
		AFCC380B2C05A21300E3F70A /* Preview Content */ = {
			isa = PBXGroup;
			children = (
				AFCC380C2C05A21300E3F70A /* Preview Assets.xcassets */,
			);
			path = "Preview Content";
			sourceTree = "<group>";
		};
/* End PBXGroup section */

/* Begin PBXNativeTarget section */
		AFCC38012C05A20E00E3F70A /* JRNL_SwiftUI */ = {
			isa = PBXNativeTarget;
			buildConfigurationList = AFCC38102C05A21300E3F70A /* Build configuration list for PBXNativeTarget "JRNL_SwiftUI" */;
			buildPhases = (
				AFCC37FE2C05A20E00E3F70A /* Sources */,
				AFCC37FF2C05A20E00E3F70A /* Frameworks */,
				AFCC38002C05A20E00E3F70A /* Resources */,
			);
			buildRules = (
			);
			dependencies = (
			);
			name = JRNL_SwiftUI;
			productName = JRNL_SwiftUI;
			productReference = AFCC38022C05A20E00E3F70A /* JRNL_SwiftUI.app */;
			productType = "com.apple.product-type.application";
		};
/* End PBXNativeTarget section */

/* Begin PBXProject section */
		AFCC37FA2C05A20E00E3F70A /* Project object */ = {
			isa = PBXProject;
			attributes = {
				BuildIndependentTargetsInParallel = 1;
				LastSwiftUpdateCheck = 1540;
				LastUpgradeCheck = 1540;
				TargetAttributes = {
					AFCC38012C05A20E00E3F70A = {
						CreatedOnToolsVersion = 15.4;
					};
				};
			};
			buildConfigurationList = AFCC37FD2C05A20E00E3F70A /* Build configuration list for PBXProject "JRNL_SwiftUI" */;
			compatibilityVersion = "Xcode 14.0";
			developmentRegion = en;
			hasScannedForEncodings = 0;
			knownRegions = (
				en,
				Base,
			);
			mainGroup = AFCC37F92C05A20E00E3F70A;
			productRefGroup = AFCC38032C05A20E00E3F70A /* Products */;
			projectDirPath = "";
			projectRoot = "";
			targets = (
				AFCC38012C05A20E00E3F70A /* JRNL_SwiftUI */,
			);
		};
/* End PBXProject section */

/* Begin PBXResourcesBuildPhase section */
		AFCC38002C05A20E00E3F70A /* Resources */ = {
			isa = PBXResourcesBuildPhase;
			buildActionMask = 2147483647;
			files = (
				AFCC380D2C05A21300E3F70A /* Preview Assets.xcassets in Resources */,
				AFCC380A2C05A21300E3F70A /* Assets.xcassets in Resources */,
			);
			runOnlyForDeploymentPostprocessing = 0;
		};
/* End PBXResourcesBuildPhase section */

/* Begin PBXSourcesBuildPhase section */
		AFCC37FE2C05A20E00E3F70A /* Sources */ = {
			isa = PBXSourcesBuildPhase;
			buildActionMask = 2147483647;
			files = (
				AFCC38142C05A53400E3F70A /* JournalListView.swift in Sources */,
				AFCC38162C05A53D00E3F70A /* MapView.swift in Sources */,
				AFCC38182C05A83100E3F70A /* JournalEntry.swift in Sources */,
				AFCC38082C05A20E00E3F70A /* ContentView.swift in Sources */,
				AFCC381A2C05AFB500E3F70A /* AddJournalListView.swift in Sources */,
				AFCC38062C05A20E00E3F70A /* JRNL_SwiftUIApp.swift in Sources */,
			);
			runOnlyForDeploymentPostprocessing = 0;
		};
/* End PBXSourcesBuildPhase section */

/* Begin XCBuildConfiguration section */
		AFCC380E2C05A21300E3F70A /* Debug */ = {
			isa = XCBuildConfiguration;
			buildSettings = {
				ALWAYS_SEARCH_USER_PATHS = NO;
				ASSETCATALOG_COMPILER_GENERATE_SWIFT_ASSET_SYMBOL_EXTENSIONS = YES;
				CLANG_ANALYZER_NONNULL = YES;
				CLANG_ANALYZER_NUMBER_OBJECT_CONVERSION = YES_AGGRESSIVE;
				CLANG_CXX_LANGUAGE_STANDARD = "gnu++20";
				CLANG_ENABLE_MODULES = YES;
				CLANG_ENABLE_OBJC_ARC = YES;
				CLANG_ENABLE_OBJC_WEAK = YES;
				CLANG_WARN_BLOCK_CAPTURE_AUTORELEASING = YES;
				CLANG_WARN_BOOL_CONVERSION = YES;
				CLANG_WARN_COMMA = YES;
				CLANG_WARN_CONSTANT_CONVERSION = YES;
				CLANG_WARN_DEPRECATED_OBJC_IMPLEMENTATIONS = YES;
				CLANG_WARN_DIRECT_OBJC_ISA_USAGE = YES_ERROR;
				CLANG_WARN_DOCUMENTATION_COMMENTS = YES;
				CLANG_WARN_EMPTY_BODY = YES;
				CLANG_WARN_ENUM_CONVERSION = YES;
				CLANG_WARN_INFINITE_RECURSION = YES;
				CLANG_WARN_INT_CONVERSION = YES;
				CLANG_WARN_NON_LITERAL_NULL_CONVERSION = YES;
				CLANG_WARN_OBJC_IMPLICIT_RETAIN_SELF = YES;
				CLANG_WARN_OBJC_LITERAL_CONVERSION = YES;
				CLANG_WARN_OBJC_ROOT_CLASS = YES_ERROR;
				CLANG_WARN_QUOTED_INCLUDE_IN_FRAMEWORK_HEADER = YES;
				CLANG_WARN_RANGE_LOOP_ANALYSIS = YES;
				CLANG_WARN_STRICT_PROTOTYPES = YES;
				CLANG_WARN_SUSPICIOUS_MOVE = YES;
				CLANG_WARN_UNGUARDED_AVAILABILITY = YES_AGGRESSIVE;
				CLANG_WARN_UNREACHABLE_CODE = YES;
				CLANG_WARN__DUPLICATE_METHOD_MATCH = YES;
				COPY_PHASE_STRIP = NO;
				DEBUG_INFORMATION_FORMAT = dwarf;
				ENABLE_STRICT_OBJC_MSGSEND = YES;
				ENABLE_TESTABILITY = YES;
				ENABLE_USER_SCRIPT_SANDBOXING = YES;
				GCC_C_LANGUAGE_STANDARD = gnu17;
				GCC_DYNAMIC_NO_PIC = NO;
				GCC_NO_COMMON_BLOCKS = YES;
				GCC_OPTIMIZATION_LEVEL = 0;
				GCC_PREPROCESSOR_DEFINITIONS = (
					"DEBUG=1",
					"$(inherited)",
				);
				GCC_WARN_64_TO_32_BIT_CONVERSION = YES;
				GCC_WARN_ABOUT_RETURN_TYPE = YES_ERROR;
				GCC_WARN_UNDECLARED_SELECTOR = YES;
				GCC_WARN_UNINITIALIZED_AUTOS = YES_AGGRESSIVE;
				GCC_WARN_UNUSED_FUNCTION = YES;
				GCC_WARN_UNUSED_VARIABLE = YES;
				IPHONEOS_DEPLOYMENT_TARGET = 17.5;
				LOCALIZATION_PREFERS_STRING_CATALOGS = YES;
				MTL_ENABLE_DEBUG_INFO = INCLUDE_SOURCE;
				MTL_FAST_MATH = YES;
				ONLY_ACTIVE_ARCH = YES;
				SDKROOT = iphoneos;
				SWIFT_ACTIVE_COMPILATION_CONDITIONS = "DEBUG $(inherited)";
				SWIFT_OPTIMIZATION_LEVEL = "-Onone";
			};
			name = Debug;
		};
		AFCC380F2C05A21300E3F70A /* Release */ = {
			isa = XCBuildConfiguration;
			buildSettings = {
				ALWAYS_SEARCH_USER_PATHS = NO;
				ASSETCATALOG_COMPILER_GENERATE_SWIFT_ASSET_SYMBOL_EXTENSIONS = YES;
				CLANG_ANALYZER_NONNULL = YES;
				CLANG_ANALYZER_NUMBER_OBJECT_CONVERSION = YES_AGGRESSIVE;
				CLANG_CXX_LANGUAGE_STANDARD = "gnu++20";
				CLANG_ENABLE_MODULES = YES;
				CLANG_ENABLE_OBJC_ARC = YES;
				CLANG_ENABLE_OBJC_WEAK = YES;
				CLANG_WARN_BLOCK_CAPTURE_AUTORELEASING = YES;
				CLANG_WARN_BOOL_CONVERSION = YES;
				CLANG_WARN_COMMA = YES;
				CLANG_WARN_CONSTANT_CONVERSION = YES;
				CLANG_WARN_DEPRECATED_OBJC_IMPLEMENTATIONS = YES;
				CLANG_WARN_DIRECT_OBJC_ISA_USAGE = YES_ERROR;
				CLANG_WARN_DOCUMENTATION_COMMENTS = YES;
				CLANG_WARN_EMPTY_BODY = YES;
				CLANG_WARN_ENUM_CONVERSION = YES;
				CLANG_WARN_INFINITE_RECURSION = YES;
				CLANG_WARN_INT_CONVERSION = YES;
				CLANG_WARN_NON_LITERAL_NULL_CONVERSION = YES;
				CLANG_WARN_OBJC_IMPLICIT_RETAIN_SELF = YES;
				CLANG_WARN_OBJC_LITERAL_CONVERSION = YES;
				CLANG_WARN_OBJC_ROOT_CLASS = YES_ERROR;
				CLANG_WARN_QUOTED_INCLUDE_IN_FRAMEWORK_HEADER = YES;
				CLANG_WARN_RANGE_LOOP_ANALYSIS = YES;
				CLANG_WARN_STRICT_PROTOTYPES = YES;
				CLANG_WARN_SUSPICIOUS_MOVE = YES;
				CLANG_WARN_UNGUARDED_AVAILABILITY = YES_AGGRESSIVE;
				CLANG_WARN_UNREACHABLE_CODE = YES;
				CLANG_WARN__DUPLICATE_METHOD_MATCH = YES;
				COPY_PHASE_STRIP = NO;
				DEBUG_INFORMATION_FORMAT = "dwarf-with-dsym";
				ENABLE_NS_ASSERTIONS = NO;
				ENABLE_STRICT_OBJC_MSGSEND = YES;
				ENABLE_USER_SCRIPT_SANDBOXING = YES;
				GCC_C_LANGUAGE_STANDARD = gnu17;
				GCC_NO_COMMON_BLOCKS = YES;
				GCC_WARN_64_TO_32_BIT_CONVERSION = YES;
				GCC_WARN_ABOUT_RETURN_TYPE = YES_ERROR;
				GCC_WARN_UNDECLARED_SELECTOR = YES;
				GCC_WARN_UNINITIALIZED_AUTOS = YES_AGGRESSIVE;
				GCC_WARN_UNUSED_FUNCTION = YES;
				GCC_WARN_UNUSED_VARIABLE = YES;
				IPHONEOS_DEPLOYMENT_TARGET = 17.5;
				LOCALIZATION_PREFERS_STRING_CATALOGS = YES;
				MTL_ENABLE_DEBUG_INFO = NO;
				MTL_FAST_MATH = YES;
				SDKROOT = iphoneos;
				SWIFT_COMPILATION_MODE = wholemodule;
				VALIDATE_PRODUCT = YES;
			};
			name = Release;
		};
		AFCC38112C05A21300E3F70A /* Debug */ = {
			isa = XCBuildConfiguration;
			buildSettings = {
				ASSETCATALOG_COMPILER_APPICON_NAME = AppIcon;
				ASSETCATALOG_COMPILER_GLOBAL_ACCENT_COLOR_NAME = AccentColor;
				CODE_SIGN_STYLE = Automatic;
				CURRENT_PROJECT_VERSION = 1;
				DEVELOPMENT_ASSET_PATHS = "\"JRNL_SwiftUI/Preview Content\"";
				ENABLE_PREVIEWS = YES;
				GENERATE_INFOPLIST_FILE = YES;
				INFOPLIST_KEY_UIApplicationSceneManifest_Generation = YES;
				INFOPLIST_KEY_UIApplicationSupportsIndirectInputEvents = YES;
				INFOPLIST_KEY_UILaunchScreen_Generation = YES;
				INFOPLIST_KEY_UISupportedInterfaceOrientations_iPad = "UIInterfaceOrientationPortrait UIInterfaceOrientationPortraitUpsideDown UIInterfaceOrientationLandscapeLeft UIInterfaceOrientationLandscapeRight";
				INFOPLIST_KEY_UISupportedInterfaceOrientations_iPhone = "UIInterfaceOrientationPortrait UIInterfaceOrientationLandscapeLeft UIInterfaceOrientationLandscapeRight";
				LD_RUNPATH_SEARCH_PATHS = (
					"$(inherited)",
					"@executable_path/Frameworks",
				);
				MARKETING_VERSION = 1.0;
				PRODUCT_BUNDLE_IDENTIFIER = "kr.co.jeje.JRNL-SwiftUI";
				PRODUCT_NAME = "$(TARGET_NAME)";
				SWIFT_EMIT_LOC_STRINGS = YES;
				SWIFT_VERSION = 5.0;
				TARGETED_DEVICE_FAMILY = "1,2";
			};
			name = Debug;
		};
		AFCC38122C05A21300E3F70A /* Release */ = {
			isa = XCBuildConfiguration;
			buildSettings = {
				ASSETCATALOG_COMPILER_APPICON_NAME = AppIcon;
				ASSETCATALOG_COMPILER_GLOBAL_ACCENT_COLOR_NAME = AccentColor;
				CODE_SIGN_STYLE = Automatic;
				CURRENT_PROJECT_VERSION = 1;
				DEVELOPMENT_ASSET_PATHS = "\"JRNL_SwiftUI/Preview Content\"";
				ENABLE_PREVIEWS = YES;
				GENERATE_INFOPLIST_FILE = YES;
				INFOPLIST_KEY_UIApplicationSceneManifest_Generation = YES;
				INFOPLIST_KEY_UIApplicationSupportsIndirectInputEvents = YES;
				INFOPLIST_KEY_UILaunchScreen_Generation = YES;
				INFOPLIST_KEY_UISupportedInterfaceOrientations_iPad = "UIInterfaceOrientationPortrait UIInterfaceOrientationPortraitUpsideDown UIInterfaceOrientationLandscapeLeft UIInterfaceOrientationLandscapeRight";
				INFOPLIST_KEY_UISupportedInterfaceOrientations_iPhone = "UIInterfaceOrientationPortrait UIInterfaceOrientationLandscapeLeft UIInterfaceOrientationLandscapeRight";
				LD_RUNPATH_SEARCH_PATHS = (
					"$(inherited)",
					"@executable_path/Frameworks",
				);
				MARKETING_VERSION = 1.0;
				PRODUCT_BUNDLE_IDENTIFIER = "kr.co.jeje.JRNL-SwiftUI";
				PRODUCT_NAME = "$(TARGET_NAME)";
				SWIFT_EMIT_LOC_STRINGS = YES;
				SWIFT_VERSION = 5.0;
				TARGETED_DEVICE_FAMILY = "1,2";
			};
			name = Release;
		};
/* End XCBuildConfiguration section */

/* Begin XCConfigurationList section */
		AFCC37FD2C05A20E00E3F70A /* Build configuration list for PBXProject "JRNL_SwiftUI" */ = {
			isa = XCConfigurationList;
			buildConfigurations = (
				AFCC380E2C05A21300E3F70A /* Debug */,
				AFCC380F2C05A21300E3F70A /* Release */,
			);
			defaultConfigurationIsVisible = 0;
			defaultConfigurationName = Release;
		};
		AFCC38102C05A21300E3F70A /* Build configuration list for PBXNativeTarget "JRNL_SwiftUI" */ = {
			isa = XCConfigurationList;
			buildConfigurations = (
				AFCC38112C05A21300E3F70A /* Debug */,
				AFCC38122C05A21300E3F70A /* Release */,
			);
			defaultConfigurationIsVisible = 0;
			defaultConfigurationName = Release;
		};
/* End XCConfigurationList section */
	};
	rootObject = AFCC37FA2C05A20E00E3F70A /* Project object */;
}
